// !$*UTF8*$!
{
	archiveVersion = 1;
	classes = {
	};
	objectVersion = 56;
	objects = {

/* Begin PBXBuildFile section */
		CD208B7F29724B33003F0566 /* DownloadQueue.swift in Sources */ = {isa = PBXBuildFile; fileRef = CD208B7E29724B33003F0566 /* DownloadQueue.swift */; };
		CD208B81297274FA003F0566 /* ImageType.swift in Sources */ = {isa = PBXBuildFile; fileRef = CD208B80297274FA003F0566 /* ImageType.swift */; };
		CD208B83297283A8003F0566 /* TaskQueue.swift in Sources */ = {isa = PBXBuildFile; fileRef = CD208B82297283A8003F0566 /* TaskQueue.swift */; };
		CD56246D29221FEE00343584 /* ArtProjectorApp.swift in Sources */ = {isa = PBXBuildFile; fileRef = CD56246C29221FEE00343584 /* ArtProjectorApp.swift */; };
		CD56246F29221FEE00343584 /* ImagePlaybackView.swift in Sources */ = {isa = PBXBuildFile; fileRef = CD56246E29221FEE00343584 /* ImagePlaybackView.swift */; };
		CD56247129221FEF00343584 /* Assets.xcassets in Resources */ = {isa = PBXBuildFile; fileRef = CD56247029221FEF00343584 /* Assets.xcassets */; };
		CD56247429221FEF00343584 /* Preview Assets.xcassets in Resources */ = {isa = PBXBuildFile; fileRef = CD56247329221FEF00343584 /* Preview Assets.xcassets */; };
		CD56247E29221FEF00343584 /* ArtProjectorTests.swift in Sources */ = {isa = PBXBuildFile; fileRef = CD56247D29221FEF00343584 /* ArtProjectorTests.swift */; };
		CD56248829221FF000343584 /* ArtProjectorUITests.swift in Sources */ = {isa = PBXBuildFile; fileRef = CD56248729221FF000343584 /* ArtProjectorUITests.swift */; };
		CD56248A29221FF000343584 /* ArtProjectorUITestsLaunchTests.swift in Sources */ = {isa = PBXBuildFile; fileRef = CD56248929221FF000343584 /* ArtProjectorUITestsLaunchTests.swift */; };
		CD562497292240EB00343584 /* HexagonParameters.swift in Sources */ = {isa = PBXBuildFile; fileRef = CD562496292240EB00343584 /* HexagonParameters.swift */; };
		CD5624992922410900343584 /* BadgeBackground.swift in Sources */ = {isa = PBXBuildFile; fileRef = CD5624982922410900343584 /* BadgeBackground.swift */; };
		CD56249B292241B900343584 /* ArtItem.swift in Sources */ = {isa = PBXBuildFile; fileRef = CD56249A292241B900343584 /* ArtItem.swift */; };
		CD574123295C15B70049D2E6 /* Auth0.swift in Sources */ = {isa = PBXBuildFile; fileRef = CD574122295C15B70049D2E6 /* Auth0.swift */; };
		CD574125295C19AE0049D2E6 /* ArtAPI.swift in Sources */ = {isa = PBXBuildFile; fileRef = CD574124295C19AE0049D2E6 /* ArtAPI.swift */; };
		CD809495295553CF003CB965 /* SimpleKeychain in Frameworks */ = {isa = PBXBuildFile; productRef = CD809494295553CF003CB965 /* SimpleKeychain */; };
		CD80949729555576003CB965 /* ArtProjectorState.swift in Sources */ = {isa = PBXBuildFile; fileRef = CD80949629555576003CB965 /* ArtProjectorState.swift */; };
		CD80949A29557410003CB965 /* Alamofire in Frameworks */ = {isa = PBXBuildFile; productRef = CD80949929557410003CB965 /* Alamofire */; };
		CD80949C29557578003CB965 /* RootView.swift in Sources */ = {isa = PBXBuildFile; fileRef = CD80949B29557578003CB965 /* RootView.swift */; };
		CD82C6F5297384BC0068B2F6 /* AuthConfig.swift in Sources */ = {isa = PBXBuildFile; fileRef = CD82C6F4297384BC0068B2F6 /* AuthConfig.swift */; };
		CD82C6F8297385050068B2F6 /* DeviceCodeWaiting.swift in Sources */ = {isa = PBXBuildFile; fileRef = CD82C6F7297385050068B2F6 /* DeviceCodeWaiting.swift */; };
		CD82C6FA2973855B0068B2F6 /* Surface.swift in Sources */ = {isa = PBXBuildFile; fileRef = CD82C6F92973855B0068B2F6 /* Surface.swift */; };
		CD82C6FC297385700068B2F6 /* SurfaceNoPlaylist.swift in Sources */ = {isa = PBXBuildFile; fileRef = CD82C6FB297385700068B2F6 /* SurfaceNoPlaylist.swift */; };
		CD82C6FE297391940068B2F6 /* PlayingView.swift in Sources */ = {isa = PBXBuildFile; fileRef = CD82C6FD297391940068B2F6 /* PlayingView.swift */; };
		CD82C700297393830068B2F6 /* withCustomRotation.swift in Sources */ = {isa = PBXBuildFile; fileRef = CD82C6FF297393830068B2F6 /* withCustomRotation.swift */; };
		CD82C7022973AEB20068B2F6 /* PlaybackState.swift in Sources */ = {isa = PBXBuildFile; fileRef = CD82C7012973AEB20068B2F6 /* PlaybackState.swift */; };
		CD82C70A2973B7DD0068B2F6 /* Auth0.swift in Sources */ = {isa = PBXBuildFile; fileRef = CD574122295C15B70049D2E6 /* Auth0.swift */; };
		CD82C70B2973B7DD0068B2F6 /* DownloadQueue.swift in Sources */ = {isa = PBXBuildFile; fileRef = CD208B7E29724B33003F0566 /* DownloadQueue.swift */; };
		CD82C70C2973B7DD0068B2F6 /* ArtProjectorState.swift in Sources */ = {isa = PBXBuildFile; fileRef = CD80949629555576003CB965 /* ArtProjectorState.swift */; };
		CD82C70D2973B7DD0068B2F6 /* PlaybackState.swift in Sources */ = {isa = PBXBuildFile; fileRef = CD82C7012973AEB20068B2F6 /* PlaybackState.swift */; };
		CD82C70E2973B7DD0068B2F6 /* HexagonParameters.swift in Sources */ = {isa = PBXBuildFile; fileRef = CD562496292240EB00343584 /* HexagonParameters.swift */; };
		CD82C70F2973B7DD0068B2F6 /* Surface.swift in Sources */ = {isa = PBXBuildFile; fileRef = CD82C6F92973855B0068B2F6 /* Surface.swift */; };
		CD82C7102973B7DD0068B2F6 /* ImagePlaybackView.swift in Sources */ = {isa = PBXBuildFile; fileRef = CD56246E29221FEE00343584 /* ImagePlaybackView.swift */; };
		CD82C7112973B7DD0068B2F6 /* ImageType.swift in Sources */ = {isa = PBXBuildFile; fileRef = CD208B80297274FA003F0566 /* ImageType.swift */; };
		CD82C7122973B7DD0068B2F6 /* AuthConfig.swift in Sources */ = {isa = PBXBuildFile; fileRef = CD82C6F4297384BC0068B2F6 /* AuthConfig.swift */; };
		CD82C7132973B7DD0068B2F6 /* ArtAPI.swift in Sources */ = {isa = PBXBuildFile; fileRef = CD574124295C19AE0049D2E6 /* ArtAPI.swift */; };
		CD82C7142973B7DD0068B2F6 /* RootView.swift in Sources */ = {isa = PBXBuildFile; fileRef = CD80949B29557578003CB965 /* RootView.swift */; };
		CD82C7152973B7DD0068B2F6 /* withCustomRotation.swift in Sources */ = {isa = PBXBuildFile; fileRef = CD82C6FF297393830068B2F6 /* withCustomRotation.swift */; };
		CD82C7162973B7DD0068B2F6 /* SurfaceNoPlaylist.swift in Sources */ = {isa = PBXBuildFile; fileRef = CD82C6FB297385700068B2F6 /* SurfaceNoPlaylist.swift */; };
		CD82C7172973B7DD0068B2F6 /* DeviceCodeWaiting.swift in Sources */ = {isa = PBXBuildFile; fileRef = CD82C6F7297385050068B2F6 /* DeviceCodeWaiting.swift */; };
		CD82C7182973B7DD0068B2F6 /* ArtProjectorApp.swift in Sources */ = {isa = PBXBuildFile; fileRef = CD56246C29221FEE00343584 /* ArtProjectorApp.swift */; };
		CD82C7192973B7DD0068B2F6 /* PlayingView.swift in Sources */ = {isa = PBXBuildFile; fileRef = CD82C6FD297391940068B2F6 /* PlayingView.swift */; };
		CD82C71A2973B7DD0068B2F6 /* ArtItem.swift in Sources */ = {isa = PBXBuildFile; fileRef = CD56249A292241B900343584 /* ArtItem.swift */; };
		CD82C71B2973B7DD0068B2F6 /* TaskQueue.swift in Sources */ = {isa = PBXBuildFile; fileRef = CD208B82297283A8003F0566 /* TaskQueue.swift */; };
		CD82C71C2973B7DD0068B2F6 /* BadgeBackground.swift in Sources */ = {isa = PBXBuildFile; fileRef = CD5624982922410900343584 /* BadgeBackground.swift */; };
		CD82C71E2973B7DD0068B2F6 /* SimpleKeychain in Frameworks */ = {isa = PBXBuildFile; productRef = CD82C7052973B7DD0068B2F6 /* SimpleKeychain */; };
		CD82C71F2973B7DD0068B2F6 /* Alamofire in Frameworks */ = {isa = PBXBuildFile; productRef = CD82C7072973B7DD0068B2F6 /* Alamofire */; };
		CD82C7212973B7DD0068B2F6 /* Preview Assets.xcassets in Resources */ = {isa = PBXBuildFile; fileRef = CD56247329221FEF00343584 /* Preview Assets.xcassets */; };
		CD82C7222973B7DD0068B2F6 /* Assets.xcassets in Resources */ = {isa = PBXBuildFile; fileRef = CD56247029221FEF00343584 /* Assets.xcassets */; };
/* End PBXBuildFile section */

/* Begin PBXContainerItemProxy section */
		CD56247A29221FEF00343584 /* PBXContainerItemProxy */ = {
			isa = PBXContainerItemProxy;
			containerPortal = CD56246129221FEE00343584 /* Project object */;
			proxyType = 1;
			remoteGlobalIDString = CD56246829221FEE00343584;
			remoteInfo = ArtProjector;
		};
		CD56248429221FF000343584 /* PBXContainerItemProxy */ = {
			isa = PBXContainerItemProxy;
			containerPortal = CD56246129221FEE00343584 /* Project object */;
			proxyType = 1;
			remoteGlobalIDString = CD56246829221FEE00343584;
			remoteInfo = ArtProjector;
		};
/* End PBXContainerItemProxy section */

/* Begin PBXFileReference section */
		CD208B7E29724B33003F0566 /* DownloadQueue.swift */ = {isa = PBXFileReference; lastKnownFileType = sourcecode.swift; path = DownloadQueue.swift; sourceTree = "<group>"; };
		CD208B80297274FA003F0566 /* ImageType.swift */ = {isa = PBXFileReference; lastKnownFileType = sourcecode.swift; path = ImageType.swift; sourceTree = "<group>"; };
		CD208B82297283A8003F0566 /* TaskQueue.swift */ = {isa = PBXFileReference; lastKnownFileType = sourcecode.swift; path = TaskQueue.swift; sourceTree = "<group>"; };
		CD56246929221FEE00343584 /* ArtProjector.app */ = {isa = PBXFileReference; explicitFileType = wrapper.application; includeInIndex = 0; path = ArtProjector.app; sourceTree = BUILT_PRODUCTS_DIR; };
		CD56246C29221FEE00343584 /* ArtProjectorApp.swift */ = {isa = PBXFileReference; lastKnownFileType = sourcecode.swift; path = ArtProjectorApp.swift; sourceTree = "<group>"; };
		CD56246E29221FEE00343584 /* ImagePlaybackView.swift */ = {isa = PBXFileReference; lastKnownFileType = sourcecode.swift; path = ImagePlaybackView.swift; sourceTree = "<group>"; };
		CD56247029221FEF00343584 /* Assets.xcassets */ = {isa = PBXFileReference; lastKnownFileType = folder.assetcatalog; path = Assets.xcassets; sourceTree = "<group>"; };
		CD56247329221FEF00343584 /* Preview Assets.xcassets */ = {isa = PBXFileReference; lastKnownFileType = folder.assetcatalog; path = "Preview Assets.xcassets"; sourceTree = "<group>"; };
		CD56247929221FEF00343584 /* ArtProjectorTests.xctest */ = {isa = PBXFileReference; explicitFileType = wrapper.cfbundle; includeInIndex = 0; path = ArtProjectorTests.xctest; sourceTree = BUILT_PRODUCTS_DIR; };
		CD56247D29221FEF00343584 /* ArtProjectorTests.swift */ = {isa = PBXFileReference; lastKnownFileType = sourcecode.swift; path = ArtProjectorTests.swift; sourceTree = "<group>"; };
		CD56248329221FF000343584 /* ArtProjectorUITests.xctest */ = {isa = PBXFileReference; explicitFileType = wrapper.cfbundle; includeInIndex = 0; path = ArtProjectorUITests.xctest; sourceTree = BUILT_PRODUCTS_DIR; };
		CD56248729221FF000343584 /* ArtProjectorUITests.swift */ = {isa = PBXFileReference; lastKnownFileType = sourcecode.swift; path = ArtProjectorUITests.swift; sourceTree = "<group>"; };
		CD56248929221FF000343584 /* ArtProjectorUITestsLaunchTests.swift */ = {isa = PBXFileReference; lastKnownFileType = sourcecode.swift; path = ArtProjectorUITestsLaunchTests.swift; sourceTree = "<group>"; };
		CD562496292240EB00343584 /* HexagonParameters.swift */ = {isa = PBXFileReference; lastKnownFileType = sourcecode.swift; path = HexagonParameters.swift; sourceTree = "<group>"; };
		CD5624982922410900343584 /* BadgeBackground.swift */ = {isa = PBXFileReference; lastKnownFileType = sourcecode.swift; path = BadgeBackground.swift; sourceTree = "<group>"; };
		CD56249A292241B900343584 /* ArtItem.swift */ = {isa = PBXFileReference; lastKnownFileType = sourcecode.swift; path = ArtItem.swift; sourceTree = "<group>"; };
		CD574122295C15B70049D2E6 /* Auth0.swift */ = {isa = PBXFileReference; lastKnownFileType = sourcecode.swift; path = Auth0.swift; sourceTree = "<group>"; };
		CD574124295C19AE0049D2E6 /* ArtAPI.swift */ = {isa = PBXFileReference; lastKnownFileType = sourcecode.swift; path = ArtAPI.swift; sourceTree = "<group>"; };
		CD80949629555576003CB965 /* ArtProjectorState.swift */ = {isa = PBXFileReference; lastKnownFileType = sourcecode.swift; path = ArtProjectorState.swift; sourceTree = "<group>"; };
		CD80949B29557578003CB965 /* RootView.swift */ = {isa = PBXFileReference; lastKnownFileType = sourcecode.swift; path = RootView.swift; sourceTree = "<group>"; };
		CD82C6F4297384BC0068B2F6 /* AuthConfig.swift */ = {isa = PBXFileReference; lastKnownFileType = sourcecode.swift; path = AuthConfig.swift; sourceTree = "<group>"; };
		CD82C6F7297385050068B2F6 /* DeviceCodeWaiting.swift */ = {isa = PBXFileReference; lastKnownFileType = sourcecode.swift; path = DeviceCodeWaiting.swift; sourceTree = "<group>"; };
		CD82C6F92973855B0068B2F6 /* Surface.swift */ = {isa = PBXFileReference; lastKnownFileType = sourcecode.swift; path = Surface.swift; sourceTree = "<group>"; };
		CD82C6FB297385700068B2F6 /* SurfaceNoPlaylist.swift */ = {isa = PBXFileReference; lastKnownFileType = sourcecode.swift; path = SurfaceNoPlaylist.swift; sourceTree = "<group>"; };
		CD82C6FD297391940068B2F6 /* PlayingView.swift */ = {isa = PBXFileReference; lastKnownFileType = sourcecode.swift; path = PlayingView.swift; sourceTree = "<group>"; };
		CD82C6FF297393830068B2F6 /* withCustomRotation.swift */ = {isa = PBXFileReference; lastKnownFileType = sourcecode.swift; path = withCustomRotation.swift; sourceTree = "<group>"; };
		CD82C7012973AEB20068B2F6 /* PlaybackState.swift */ = {isa = PBXFileReference; lastKnownFileType = sourcecode.swift; path = PlaybackState.swift; sourceTree = "<group>"; };
		CD82C7032973B72E0068B2F6 /* Info.plist */ = {isa = PBXFileReference; lastKnownFileType = text.plist; path = Info.plist; sourceTree = "<group>"; };
		CD82C7262973B7DD0068B2F6 /* ArtProjector-Prod.app */ = {isa = PBXFileReference; explicitFileType = wrapper.application; includeInIndex = 0; path = "ArtProjector-Prod.app"; sourceTree = BUILT_PRODUCTS_DIR; };
		CD82C7272973B7DD0068B2F6 /* Prod-Info.plist */ = {isa = PBXFileReference; lastKnownFileType = text.plist.xml; name = "Prod-Info.plist"; path = "/Users/patrick/Developer/ArtProjector/Prod-Info.plist"; sourceTree = "<absolute>"; };
/* End PBXFileReference section */

/* Begin PBXFrameworksBuildPhase section */
		CD56246629221FEE00343584 /* Frameworks */ = {
			isa = PBXFrameworksBuildPhase;
			buildActionMask = 2147483647;
			files = (
				CD809495295553CF003CB965 /* SimpleKeychain in Frameworks */,
				CD80949A29557410003CB965 /* Alamofire in Frameworks */,
			);
			runOnlyForDeploymentPostprocessing = 0;
		};
		CD56247629221FEF00343584 /* Frameworks */ = {
			isa = PBXFrameworksBuildPhase;
			buildActionMask = 2147483647;
			files = (
			);
			runOnlyForDeploymentPostprocessing = 0;
		};
		CD56248029221FF000343584 /* Frameworks */ = {
			isa = PBXFrameworksBuildPhase;
			buildActionMask = 2147483647;
			files = (
			);
			runOnlyForDeploymentPostprocessing = 0;
		};
		CD82C71D2973B7DD0068B2F6 /* Frameworks */ = {
			isa = PBXFrameworksBuildPhase;
			buildActionMask = 2147483647;
			files = (
				CD82C71E2973B7DD0068B2F6 /* SimpleKeychain in Frameworks */,
				CD82C71F2973B7DD0068B2F6 /* Alamofire in Frameworks */,
			);
			runOnlyForDeploymentPostprocessing = 0;
		};
/* End PBXFrameworksBuildPhase section */

/* Begin PBXGroup section */
		CD56246029221FEE00343584 = {
			isa = PBXGroup;
			children = (
				CD56246B29221FEE00343584 /* ArtProjector */,
				CD56247C29221FEF00343584 /* ArtProjectorTests */,
				CD56248629221FF000343584 /* ArtProjectorUITests */,
				CD56246A29221FEE00343584 /* Products */,
			);
			sourceTree = "<group>";
		};
		CD56246A29221FEE00343584 /* Products */ = {
			isa = PBXGroup;
			children = (
				CD56246929221FEE00343584 /* ArtProjector.app */,
				CD56247929221FEF00343584 /* ArtProjectorTests.xctest */,
				CD56248329221FF000343584 /* ArtProjectorUITests.xctest */,
				CD82C7262973B7DD0068B2F6 /* ArtProjector-Prod.app */,
			);
			name = Products;
			sourceTree = "<group>";
		};
		CD56246B29221FEE00343584 /* ArtProjector */ = {
			isa = PBXGroup;
			children = (
				CD82C7032973B72E0068B2F6 /* Info.plist */,
				CD82C7272973B7DD0068B2F6 /* Prod-Info.plist */,
				CD82C6F32973829C0068B2F6 /* Views */,
				CD82C6F1297381F40068B2F6 /* State */,
				CD56246C29221FEE00343584 /* ArtProjectorApp.swift */,
				CD56247029221FEF00343584 /* Assets.xcassets */,
				CD56247229221FEF00343584 /* Preview Content */,
				CD562496292240EB00343584 /* HexagonParameters.swift */,
				CD5624982922410900343584 /* BadgeBackground.swift */,
			);
			path = ArtProjector;
			sourceTree = "<group>";
		};
		CD56247229221FEF00343584 /* Preview Content */ = {
			isa = PBXGroup;
			children = (
				CD56247329221FEF00343584 /* Preview Assets.xcassets */,
			);
			path = "Preview Content";
			sourceTree = "<group>";
		};
		CD56247C29221FEF00343584 /* ArtProjectorTests */ = {
			isa = PBXGroup;
			children = (
				CD56247D29221FEF00343584 /* ArtProjectorTests.swift */,
			);
			path = ArtProjectorTests;
			sourceTree = "<group>";
		};
		CD56248629221FF000343584 /* ArtProjectorUITests */ = {
			isa = PBXGroup;
			children = (
				CD56248729221FF000343584 /* ArtProjectorUITests.swift */,
				CD56248929221FF000343584 /* ArtProjectorUITestsLaunchTests.swift */,
			);
			path = ArtProjectorUITests;
			sourceTree = "<group>";
		};
		CD82C6F1297381F40068B2F6 /* State */ = {
			isa = PBXGroup;
			children = (
				CD82C6F6297384E30068B2F6 /* Data */,
				CD80949629555576003CB965 /* ArtProjectorState.swift */,
				CD208B7E29724B33003F0566 /* DownloadQueue.swift */,
				CD208B80297274FA003F0566 /* ImageType.swift */,
				CD208B82297283A8003F0566 /* TaskQueue.swift */,
				CD56249A292241B900343584 /* ArtItem.swift */,
				CD82C6F2297382050068B2F6 /* API */,
				CD82C6F4297384BC0068B2F6 /* AuthConfig.swift */,
				CD82C7012973AEB20068B2F6 /* PlaybackState.swift */,
			);
			path = State;
			sourceTree = "<group>";
		};
		CD82C6F2297382050068B2F6 /* API */ = {
			isa = PBXGroup;
			children = (
				CD574122295C15B70049D2E6 /* Auth0.swift */,
				CD574124295C19AE0049D2E6 /* ArtAPI.swift */,
			);
			path = API;
			sourceTree = "<group>";
		};
		CD82C6F32973829C0068B2F6 /* Views */ = {
			isa = PBXGroup;
			children = (
				CD80949B29557578003CB965 /* RootView.swift */,
				CD56246E29221FEE00343584 /* ImagePlaybackView.swift */,
				CD82C6FD297391940068B2F6 /* PlayingView.swift */,
				CD82C6FF297393830068B2F6 /* withCustomRotation.swift */,
			);
			path = Views;
			sourceTree = "<group>";
		};
		CD82C6F6297384E30068B2F6 /* Data */ = {
			isa = PBXGroup;
			children = (
				CD82C6F7297385050068B2F6 /* DeviceCodeWaiting.swift */,
				CD82C6F92973855B0068B2F6 /* Surface.swift */,
				CD82C6FB297385700068B2F6 /* SurfaceNoPlaylist.swift */,
			);
			path = Data;
			sourceTree = "<group>";
		};
/* End PBXGroup section */

/* Begin PBXNativeTarget section */
		CD56246829221FEE00343584 /* ArtProjector */ = {
			isa = PBXNativeTarget;
			buildConfigurationList = CD56248D29221FF000343584 /* Build configuration list for PBXNativeTarget "ArtProjector" */;
			buildPhases = (
				CD56246529221FEE00343584 /* Sources */,
				CD56246629221FEE00343584 /* Frameworks */,
				CD56246729221FEE00343584 /* Resources */,
			);
			buildRules = (
			);
			dependencies = (
			);
			name = ArtProjector;
			packageProductDependencies = (
				CD809494295553CF003CB965 /* SimpleKeychain */,
				CD80949929557410003CB965 /* Alamofire */,
			);
			productName = ArtProjector;
			productReference = CD56246929221FEE00343584 /* ArtProjector.app */;
			productType = "com.apple.product-type.application";
		};
		CD56247829221FEF00343584 /* ArtProjectorTests */ = {
			isa = PBXNativeTarget;
			buildConfigurationList = CD56249029221FF000343584 /* Build configuration list for PBXNativeTarget "ArtProjectorTests" */;
			buildPhases = (
				CD56247529221FEF00343584 /* Sources */,
				CD56247629221FEF00343584 /* Frameworks */,
				CD56247729221FEF00343584 /* Resources */,
			);
			buildRules = (
			);
			dependencies = (
				CD56247B29221FEF00343584 /* PBXTargetDependency */,
			);
			name = ArtProjectorTests;
			productName = ArtProjectorTests;
			productReference = CD56247929221FEF00343584 /* ArtProjectorTests.xctest */;
			productType = "com.apple.product-type.bundle.unit-test";
		};
		CD56248229221FF000343584 /* ArtProjectorUITests */ = {
			isa = PBXNativeTarget;
			buildConfigurationList = CD56249329221FF000343584 /* Build configuration list for PBXNativeTarget "ArtProjectorUITests" */;
			buildPhases = (
				CD56247F29221FF000343584 /* Sources */,
				CD56248029221FF000343584 /* Frameworks */,
				CD56248129221FF000343584 /* Resources */,
			);
			buildRules = (
			);
			dependencies = (
				CD56248529221FF000343584 /* PBXTargetDependency */,
			);
			name = ArtProjectorUITests;
			productName = ArtProjectorUITests;
			productReference = CD56248329221FF000343584 /* ArtProjectorUITests.xctest */;
			productType = "com.apple.product-type.bundle.ui-testing";
		};
		CD82C7042973B7DD0068B2F6 /* ArtProjector-Prod */ = {
			isa = PBXNativeTarget;
			buildConfigurationList = CD82C7232973B7DD0068B2F6 /* Build configuration list for PBXNativeTarget "ArtProjector-Prod" */;
			buildPhases = (
				CD82C7092973B7DD0068B2F6 /* Sources */,
				CD82C71D2973B7DD0068B2F6 /* Frameworks */,
				CD82C7202973B7DD0068B2F6 /* Resources */,
			);
			buildRules = (
			);
			dependencies = (
			);
			name = "ArtProjector-Prod";
			packageProductDependencies = (
				CD82C7052973B7DD0068B2F6 /* SimpleKeychain */,
				CD82C7072973B7DD0068B2F6 /* Alamofire */,
			);
			productName = ArtProjector;
			productReference = CD82C7262973B7DD0068B2F6 /* ArtProjector-Prod.app */;
			productType = "com.apple.product-type.application";
		};
/* End PBXNativeTarget section */

/* Begin PBXProject section */
		CD56246129221FEE00343584 /* Project object */ = {
			isa = PBXProject;
			attributes = {
				BuildIndependentTargetsInParallel = 1;
				LastSwiftUpdateCheck = 1410;
				LastUpgradeCheck = 1410;
				TargetAttributes = {
					CD56246829221FEE00343584 = {
						CreatedOnToolsVersion = 14.1;
					};
					CD56247829221FEF00343584 = {
						CreatedOnToolsVersion = 14.1;
						TestTargetID = CD56246829221FEE00343584;
					};
					CD56248229221FF000343584 = {
						CreatedOnToolsVersion = 14.1;
						TestTargetID = CD56246829221FEE00343584;
					};
				};
			};
			buildConfigurationList = CD56246429221FEE00343584 /* Build configuration list for PBXProject "ArtProjector" */;
			compatibilityVersion = "Xcode 14.0";
			developmentRegion = en;
			hasScannedForEncodings = 0;
			knownRegions = (
				en,
				Base,
			);
			mainGroup = CD56246029221FEE00343584;
			packageReferences = (
				CD809493295553CF003CB965 /* XCRemoteSwiftPackageReference "SimpleKeychain" */,
				CD80949829557410003CB965 /* XCRemoteSwiftPackageReference "Alamofire" */,
			);
			productRefGroup = CD56246A29221FEE00343584 /* Products */;
			projectDirPath = "";
			projectRoot = "";
			targets = (
				CD56246829221FEE00343584 /* ArtProjector */,
				CD82C7042973B7DD0068B2F6 /* ArtProjector-Prod */,
				CD56247829221FEF00343584 /* ArtProjectorTests */,
				CD56248229221FF000343584 /* ArtProjectorUITests */,
			);
		};
/* End PBXProject section */

/* Begin PBXResourcesBuildPhase section */
		CD56246729221FEE00343584 /* Resources */ = {
			isa = PBXResourcesBuildPhase;
			buildActionMask = 2147483647;
			files = (
				CD56247429221FEF00343584 /* Preview Assets.xcassets in Resources */,
				CD56247129221FEF00343584 /* Assets.xcassets in Resources */,
			);
			runOnlyForDeploymentPostprocessing = 0;
		};
		CD56247729221FEF00343584 /* Resources */ = {
			isa = PBXResourcesBuildPhase;
			buildActionMask = 2147483647;
			files = (
			);
			runOnlyForDeploymentPostprocessing = 0;
		};
		CD56248129221FF000343584 /* Resources */ = {
			isa = PBXResourcesBuildPhase;
			buildActionMask = 2147483647;
			files = (
			);
			runOnlyForDeploymentPostprocessing = 0;
		};
		CD82C7202973B7DD0068B2F6 /* Resources */ = {
			isa = PBXResourcesBuildPhase;
			buildActionMask = 2147483647;
			files = (
				CD82C7212973B7DD0068B2F6 /* Preview Assets.xcassets in Resources */,
				CD82C7222973B7DD0068B2F6 /* Assets.xcassets in Resources */,
			);
			runOnlyForDeploymentPostprocessing = 0;
		};
/* End PBXResourcesBuildPhase section */

/* Begin PBXSourcesBuildPhase section */
		CD56246529221FEE00343584 /* Sources */ = {
			isa = PBXSourcesBuildPhase;
			buildActionMask = 2147483647;
			files = (
				CD574123295C15B70049D2E6 /* Auth0.swift in Sources */,
				CD208B7F29724B33003F0566 /* DownloadQueue.swift in Sources */,
				CD80949729555576003CB965 /* ArtProjectorState.swift in Sources */,
				CD82C7022973AEB20068B2F6 /* PlaybackState.swift in Sources */,
				CD562497292240EB00343584 /* HexagonParameters.swift in Sources */,
				CD82C6FA2973855B0068B2F6 /* Surface.swift in Sources */,
				CD56246F29221FEE00343584 /* ImagePlaybackView.swift in Sources */,
				CD208B81297274FA003F0566 /* ImageType.swift in Sources */,
				CD82C6F5297384BC0068B2F6 /* AuthConfig.swift in Sources */,
				CD574125295C19AE0049D2E6 /* ArtAPI.swift in Sources */,
				CD80949C29557578003CB965 /* RootView.swift in Sources */,
				CD82C700297393830068B2F6 /* withCustomRotation.swift in Sources */,
				CD82C6FC297385700068B2F6 /* SurfaceNoPlaylist.swift in Sources */,
				CD82C6F8297385050068B2F6 /* DeviceCodeWaiting.swift in Sources */,
				CD56246D29221FEE00343584 /* ArtProjectorApp.swift in Sources */,
				CD82C6FE297391940068B2F6 /* PlayingView.swift in Sources */,
				CD56249B292241B900343584 /* ArtItem.swift in Sources */,
				CD208B83297283A8003F0566 /* TaskQueue.swift in Sources */,
				CD5624992922410900343584 /* BadgeBackground.swift in Sources */,
			);
			runOnlyForDeploymentPostprocessing = 0;
		};
		CD56247529221FEF00343584 /* Sources */ = {
			isa = PBXSourcesBuildPhase;
			buildActionMask = 2147483647;
			files = (
				CD56247E29221FEF00343584 /* ArtProjectorTests.swift in Sources */,
			);
			runOnlyForDeploymentPostprocessing = 0;
		};
		CD56247F29221FF000343584 /* Sources */ = {
			isa = PBXSourcesBuildPhase;
			buildActionMask = 2147483647;
			files = (
				CD56248829221FF000343584 /* ArtProjectorUITests.swift in Sources */,
				CD56248A29221FF000343584 /* ArtProjectorUITestsLaunchTests.swift in Sources */,
			);
			runOnlyForDeploymentPostprocessing = 0;
		};
		CD82C7092973B7DD0068B2F6 /* Sources */ = {
			isa = PBXSourcesBuildPhase;
			buildActionMask = 2147483647;
			files = (
				CD82C70A2973B7DD0068B2F6 /* Auth0.swift in Sources */,
				CD82C70B2973B7DD0068B2F6 /* DownloadQueue.swift in Sources */,
				CD82C70C2973B7DD0068B2F6 /* ArtProjectorState.swift in Sources */,
				CD82C70D2973B7DD0068B2F6 /* PlaybackState.swift in Sources */,
				CD82C70E2973B7DD0068B2F6 /* HexagonParameters.swift in Sources */,
				CD82C70F2973B7DD0068B2F6 /* Surface.swift in Sources */,
				CD82C7102973B7DD0068B2F6 /* ImagePlaybackView.swift in Sources */,
				CD82C7112973B7DD0068B2F6 /* ImageType.swift in Sources */,
				CD82C7122973B7DD0068B2F6 /* AuthConfig.swift in Sources */,
				CD82C7132973B7DD0068B2F6 /* ArtAPI.swift in Sources */,
				CD82C7142973B7DD0068B2F6 /* RootView.swift in Sources */,
				CD82C7152973B7DD0068B2F6 /* withCustomRotation.swift in Sources */,
				CD82C7162973B7DD0068B2F6 /* SurfaceNoPlaylist.swift in Sources */,
				CD82C7172973B7DD0068B2F6 /* DeviceCodeWaiting.swift in Sources */,
				CD82C7182973B7DD0068B2F6 /* ArtProjectorApp.swift in Sources */,
				CD82C7192973B7DD0068B2F6 /* PlayingView.swift in Sources */,
				CD82C71A2973B7DD0068B2F6 /* ArtItem.swift in Sources */,
				CD82C71B2973B7DD0068B2F6 /* TaskQueue.swift in Sources */,
				CD82C71C2973B7DD0068B2F6 /* BadgeBackground.swift in Sources */,
			);
			runOnlyForDeploymentPostprocessing = 0;
		};
/* End PBXSourcesBuildPhase section */

/* Begin PBXTargetDependency section */
		CD56247B29221FEF00343584 /* PBXTargetDependency */ = {
			isa = PBXTargetDependency;
			target = CD56246829221FEE00343584 /* ArtProjector */;
			targetProxy = CD56247A29221FEF00343584 /* PBXContainerItemProxy */;
		};
		CD56248529221FF000343584 /* PBXTargetDependency */ = {
			isa = PBXTargetDependency;
			target = CD56246829221FEE00343584 /* ArtProjector */;
			targetProxy = CD56248429221FF000343584 /* PBXContainerItemProxy */;
		};
/* End PBXTargetDependency section */

/* Begin XCBuildConfiguration section */
		CD56248B29221FF000343584 /* Debug */ = {
			isa = XCBuildConfiguration;
			buildSettings = {
				ALWAYS_SEARCH_USER_PATHS = NO;
				CLANG_ANALYZER_NONNULL = YES;
				CLANG_ANALYZER_NUMBER_OBJECT_CONVERSION = YES_AGGRESSIVE;
				CLANG_CXX_LANGUAGE_STANDARD = "gnu++20";
				CLANG_ENABLE_MODULES = YES;
				CLANG_ENABLE_OBJC_ARC = YES;
				CLANG_ENABLE_OBJC_WEAK = YES;
				CLANG_WARN_BLOCK_CAPTURE_AUTORELEASING = YES;
				CLANG_WARN_BOOL_CONVERSION = YES;
				CLANG_WARN_COMMA = YES;
				CLANG_WARN_CONSTANT_CONVERSION = YES;
				CLANG_WARN_DEPRECATED_OBJC_IMPLEMENTATIONS = YES;
				CLANG_WARN_DIRECT_OBJC_ISA_USAGE = YES_ERROR;
				CLANG_WARN_DOCUMENTATION_COMMENTS = YES;
				CLANG_WARN_EMPTY_BODY = YES;
				CLANG_WARN_ENUM_CONVERSION = YES;
				CLANG_WARN_INFINITE_RECURSION = YES;
				CLANG_WARN_INT_CONVERSION = YES;
				CLANG_WARN_NON_LITERAL_NULL_CONVERSION = YES;
				CLANG_WARN_OBJC_IMPLICIT_RETAIN_SELF = YES;
				CLANG_WARN_OBJC_LITERAL_CONVERSION = YES;
				CLANG_WARN_OBJC_ROOT_CLASS = YES_ERROR;
				CLANG_WARN_QUOTED_INCLUDE_IN_FRAMEWORK_HEADER = YES;
				CLANG_WARN_RANGE_LOOP_ANALYSIS = YES;
				CLANG_WARN_STRICT_PROTOTYPES = YES;
				CLANG_WARN_SUSPICIOUS_MOVE = YES;
				CLANG_WARN_UNGUARDED_AVAILABILITY = YES_AGGRESSIVE;
				CLANG_WARN_UNREACHABLE_CODE = YES;
				CLANG_WARN__DUPLICATE_METHOD_MATCH = YES;
				COPY_PHASE_STRIP = NO;
				DEBUG_INFORMATION_FORMAT = dwarf;
				ENABLE_STRICT_OBJC_MSGSEND = YES;
				ENABLE_TESTABILITY = YES;
				GCC_C_LANGUAGE_STANDARD = gnu11;
				GCC_DYNAMIC_NO_PIC = NO;
				GCC_NO_COMMON_BLOCKS = YES;
				GCC_OPTIMIZATION_LEVEL = 0;
				GCC_PREPROCESSOR_DEFINITIONS = (
					"DEBUG=1",
					"$(inherited)",
				);
				GCC_WARN_64_TO_32_BIT_CONVERSION = YES;
				GCC_WARN_ABOUT_RETURN_TYPE = YES_ERROR;
				GCC_WARN_UNDECLARED_SELECTOR = YES;
				GCC_WARN_UNINITIALIZED_AUTOS = YES_AGGRESSIVE;
				GCC_WARN_UNUSED_FUNCTION = YES;
				GCC_WARN_UNUSED_VARIABLE = YES;
				MTL_ENABLE_DEBUG_INFO = INCLUDE_SOURCE;
				MTL_FAST_MATH = YES;
				ONLY_ACTIVE_ARCH = YES;
				SDKROOT = appletvos;
				SWIFT_ACTIVE_COMPILATION_CONDITIONS = DEBUG;
				SWIFT_OPTIMIZATION_LEVEL = "-Onone";
				TVOS_DEPLOYMENT_TARGET = 16.1;
			};
			name = Debug;
		};
		CD56248C29221FF000343584 /* Release */ = {
			isa = XCBuildConfiguration;
			buildSettings = {
				ALWAYS_SEARCH_USER_PATHS = NO;
				CLANG_ANALYZER_NONNULL = YES;
				CLANG_ANALYZER_NUMBER_OBJECT_CONVERSION = YES_AGGRESSIVE;
				CLANG_CXX_LANGUAGE_STANDARD = "gnu++20";
				CLANG_ENABLE_MODULES = YES;
				CLANG_ENABLE_OBJC_ARC = YES;
				CLANG_ENABLE_OBJC_WEAK = YES;
				CLANG_WARN_BLOCK_CAPTURE_AUTORELEASING = YES;
				CLANG_WARN_BOOL_CONVERSION = YES;
				CLANG_WARN_COMMA = YES;
				CLANG_WARN_CONSTANT_CONVERSION = YES;
				CLANG_WARN_DEPRECATED_OBJC_IMPLEMENTATIONS = YES;
				CLANG_WARN_DIRECT_OBJC_ISA_USAGE = YES_ERROR;
				CLANG_WARN_DOCUMENTATION_COMMENTS = YES;
				CLANG_WARN_EMPTY_BODY = YES;
				CLANG_WARN_ENUM_CONVERSION = YES;
				CLANG_WARN_INFINITE_RECURSION = YES;
				CLANG_WARN_INT_CONVERSION = YES;
				CLANG_WARN_NON_LITERAL_NULL_CONVERSION = YES;
				CLANG_WARN_OBJC_IMPLICIT_RETAIN_SELF = YES;
				CLANG_WARN_OBJC_LITERAL_CONVERSION = YES;
				CLANG_WARN_OBJC_ROOT_CLASS = YES_ERROR;
				CLANG_WARN_QUOTED_INCLUDE_IN_FRAMEWORK_HEADER = YES;
				CLANG_WARN_RANGE_LOOP_ANALYSIS = YES;
				CLANG_WARN_STRICT_PROTOTYPES = YES;
				CLANG_WARN_SUSPICIOUS_MOVE = YES;
				CLANG_WARN_UNGUARDED_AVAILABILITY = YES_AGGRESSIVE;
				CLANG_WARN_UNREACHABLE_CODE = YES;
				CLANG_WARN__DUPLICATE_METHOD_MATCH = YES;
				COPY_PHASE_STRIP = NO;
				DEBUG_INFORMATION_FORMAT = "dwarf-with-dsym";
				ENABLE_NS_ASSERTIONS = NO;
				ENABLE_STRICT_OBJC_MSGSEND = YES;
				GCC_C_LANGUAGE_STANDARD = gnu11;
				GCC_NO_COMMON_BLOCKS = YES;
				GCC_WARN_64_TO_32_BIT_CONVERSION = YES;
				GCC_WARN_ABOUT_RETURN_TYPE = YES_ERROR;
				GCC_WARN_UNDECLARED_SELECTOR = YES;
				GCC_WARN_UNINITIALIZED_AUTOS = YES_AGGRESSIVE;
				GCC_WARN_UNUSED_FUNCTION = YES;
				GCC_WARN_UNUSED_VARIABLE = YES;
				MTL_ENABLE_DEBUG_INFO = NO;
				MTL_FAST_MATH = YES;
				SDKROOT = appletvos;
				SWIFT_COMPILATION_MODE = wholemodule;
				SWIFT_OPTIMIZATION_LEVEL = "-O";
				TVOS_DEPLOYMENT_TARGET = 16.1;
				VALIDATE_PRODUCT = YES;
			};
			name = Release;
		};
		CD56248E29221FF000343584 /* Debug */ = {
			isa = XCBuildConfiguration;
			buildSettings = {
				ASSETCATALOG_COMPILER_APPICON_NAME = "App Icon & Top Shelf Image";
				ASSETCATALOG_COMPILER_GLOBAL_ACCENT_COLOR_NAME = AccentColor;
				CODE_SIGN_STYLE = Automatic;
				CURRENT_PROJECT_VERSION = 1;
				DEVELOPMENT_ASSET_PATHS = "\"ArtProjector/Preview Content\"";
				DEVELOPMENT_TEAM = WA4JA55S9R;
				ENABLE_PREVIEWS = YES;
				GENERATE_INFOPLIST_FILE = YES;
				INFOPLIST_FILE = ArtProjector/Info.plist;
				INFOPLIST_KEY_UILaunchScreen_Generation = YES;
				INFOPLIST_KEY_UIUserInterfaceStyle = Automatic;
				LD_RUNPATH_SEARCH_PATHS = (
					"$(inherited)",
					"@executable_path/Frameworks",
				);
				MARKETING_VERSION = 1.0;
				PRODUCT_BUNDLE_IDENTIFIER = io.thepatrick.stuff.ArtProjector;
				PRODUCT_NAME = "$(TARGET_NAME)";
				SWIFT_EMIT_LOC_STRINGS = YES;
				SWIFT_VERSION = 5.0;
				TARGETED_DEVICE_FAMILY = 3;
			};
			name = Debug;
		};
		CD56248F29221FF000343584 /* Release */ = {
			isa = XCBuildConfiguration;
			buildSettings = {
				ASSETCATALOG_COMPILER_APPICON_NAME = "App Icon & Top Shelf Image";
				ASSETCATALOG_COMPILER_GLOBAL_ACCENT_COLOR_NAME = AccentColor;
				CODE_SIGN_STYLE = Automatic;
				CURRENT_PROJECT_VERSION = 1;
				DEVELOPMENT_ASSET_PATHS = "\"ArtProjector/Preview Content\"";
				DEVELOPMENT_TEAM = WA4JA55S9R;
				ENABLE_PREVIEWS = YES;
				GENERATE_INFOPLIST_FILE = YES;
				INFOPLIST_FILE = ArtProjector/Info.plist;
				INFOPLIST_KEY_UILaunchScreen_Generation = YES;
				INFOPLIST_KEY_UIUserInterfaceStyle = Automatic;
				LD_RUNPATH_SEARCH_PATHS = (
					"$(inherited)",
					"@executable_path/Frameworks",
				);
				MARKETING_VERSION = 1.0;
				PRODUCT_BUNDLE_IDENTIFIER = io.thepatrick.stuff.ArtProjector;
				PRODUCT_NAME = "$(TARGET_NAME)";
				SWIFT_EMIT_LOC_STRINGS = YES;
				SWIFT_VERSION = 5.0;
				TARGETED_DEVICE_FAMILY = 3;
			};
			name = Release;
		};
		CD56249129221FF000343584 /* Debug */ = {
			isa = XCBuildConfiguration;
			buildSettings = {
				ALWAYS_EMBED_SWIFT_STANDARD_LIBRARIES = YES;
				BUNDLE_LOADER = "$(TEST_HOST)";
				CODE_SIGN_STYLE = Automatic;
				CURRENT_PROJECT_VERSION = 1;
				DEVELOPMENT_TEAM = WA4JA55S9R;
				GENERATE_INFOPLIST_FILE = YES;
				MARKETING_VERSION = 1.0;
				PRODUCT_BUNDLE_IDENTIFIER = io.thepatrick.stuff.ArtProjectorTests;
				PRODUCT_NAME = "$(TARGET_NAME)";
				SWIFT_EMIT_LOC_STRINGS = NO;
				SWIFT_VERSION = 5.0;
				TARGETED_DEVICE_FAMILY = 3;
				TEST_HOST = "$(BUILT_PRODUCTS_DIR)/ArtProjector.app/$(BUNDLE_EXECUTABLE_FOLDER_PATH)/ArtProjector";
				TVOS_DEPLOYMENT_TARGET = 16.1;
			};
			name = Debug;
		};
		CD56249229221FF000343584 /* Release */ = {
			isa = XCBuildConfiguration;
			buildSettings = {
				ALWAYS_EMBED_SWIFT_STANDARD_LIBRARIES = YES;
				BUNDLE_LOADER = "$(TEST_HOST)";
				CODE_SIGN_STYLE = Automatic;
				CURRENT_PROJECT_VERSION = 1;
				DEVELOPMENT_TEAM = WA4JA55S9R;
				GENERATE_INFOPLIST_FILE = YES;
				MARKETING_VERSION = 1.0;
				PRODUCT_BUNDLE_IDENTIFIER = io.thepatrick.stuff.ArtProjectorTests;
				PRODUCT_NAME = "$(TARGET_NAME)";
				SWIFT_EMIT_LOC_STRINGS = NO;
				SWIFT_VERSION = 5.0;
				TARGETED_DEVICE_FAMILY = 3;
				TEST_HOST = "$(BUILT_PRODUCTS_DIR)/ArtProjector.app/$(BUNDLE_EXECUTABLE_FOLDER_PATH)/ArtProjector";
				TVOS_DEPLOYMENT_TARGET = 16.1;
			};
			name = Release;
		};
		CD56249429221FF000343584 /* Debug */ = {
			isa = XCBuildConfiguration;
			buildSettings = {
				ALWAYS_EMBED_SWIFT_STANDARD_LIBRARIES = YES;
				CODE_SIGN_STYLE = Automatic;
				CURRENT_PROJECT_VERSION = 1;
				DEVELOPMENT_TEAM = WA4JA55S9R;
				GENERATE_INFOPLIST_FILE = YES;
				MARKETING_VERSION = 1.0;
				PRODUCT_BUNDLE_IDENTIFIER = io.thepatrick.stuff.ArtProjectorUITests;
				PRODUCT_NAME = "$(TARGET_NAME)";
				SWIFT_EMIT_LOC_STRINGS = NO;
				SWIFT_VERSION = 5.0;
				TARGETED_DEVICE_FAMILY = 3;
				TEST_TARGET_NAME = ArtProjector;
			};
			name = Debug;
		};
		CD56249529221FF000343584 /* Release */ = {
			isa = XCBuildConfiguration;
			buildSettings = {
				ALWAYS_EMBED_SWIFT_STANDARD_LIBRARIES = YES;
				CODE_SIGN_STYLE = Automatic;
				CURRENT_PROJECT_VERSION = 1;
				DEVELOPMENT_TEAM = WA4JA55S9R;
				GENERATE_INFOPLIST_FILE = YES;
				MARKETING_VERSION = 1.0;
				PRODUCT_BUNDLE_IDENTIFIER = io.thepatrick.stuff.ArtProjectorUITests;
				PRODUCT_NAME = "$(TARGET_NAME)";
				SWIFT_EMIT_LOC_STRINGS = NO;
				SWIFT_VERSION = 5.0;
				TARGETED_DEVICE_FAMILY = 3;
				TEST_TARGET_NAME = ArtProjector;
			};
			name = Release;
		};
		CD82C7242973B7DD0068B2F6 /* Debug */ = {
			isa = XCBuildConfiguration;
			buildSettings = {
				ASSETCATALOG_COMPILER_APPICON_NAME = "App Icon & Top Shelf Image - Prod";
				ASSETCATALOG_COMPILER_GLOBAL_ACCENT_COLOR_NAME = AccentColor;
				CODE_SIGN_STYLE = Automatic;
				CURRENT_PROJECT_VERSION = 1;
				DEVELOPMENT_ASSET_PATHS = "\"ArtProjector/Preview Content\"";
				DEVELOPMENT_TEAM = WA4JA55S9R;
				ENABLE_PREVIEWS = YES;
				GENERATE_INFOPLIST_FILE = YES;
				INFOPLIST_FILE = "Prod-Info.plist";
				INFOPLIST_KEY_UILaunchScreen_Generation = YES;
				INFOPLIST_KEY_UIUserInterfaceStyle = Automatic;
				LD_RUNPATH_SEARCH_PATHS = (
					"$(inherited)",
					"@executable_path/Frameworks",
				);
				MARKETING_VERSION = 1.0;
				PRODUCT_BUNDLE_IDENTIFIER = network.p2.ArtProject.prod;
				PRODUCT_NAME = "$(TARGET_NAME)";
				SWIFT_EMIT_LOC_STRINGS = YES;
				SWIFT_VERSION = 5.0;
				TARGETED_DEVICE_FAMILY = 3;
			};
			name = Debug;
		};
		CD82C7252973B7DD0068B2F6 /* Release */ = {
			isa = XCBuildConfiguration;
			buildSettings = {
				ASSETCATALOG_COMPILER_APPICON_NAME = "App Icon & Top Shelf Image - Prod";
				ASSETCATALOG_COMPILER_GLOBAL_ACCENT_COLOR_NAME = AccentColor;
				CODE_SIGN_STYLE = Automatic;
				CURRENT_PROJECT_VERSION = 1;
				DEVELOPMENT_ASSET_PATHS = "\"ArtProjector/Preview Content\"";
				DEVELOPMENT_TEAM = WA4JA55S9R;
				ENABLE_PREVIEWS = YES;
				GENERATE_INFOPLIST_FILE = YES;
				INFOPLIST_FILE = "Prod-Info.plist";
				INFOPLIST_KEY_UILaunchScreen_Generation = YES;
				INFOPLIST_KEY_UIUserInterfaceStyle = Automatic;
				LD_RUNPATH_SEARCH_PATHS = (
					"$(inherited)",
					"@executable_path/Frameworks",
				);
				MARKETING_VERSION = 1.0;
				PRODUCT_BUNDLE_IDENTIFIER = network.p2.ArtProject.prod;
				PRODUCT_NAME = "$(TARGET_NAME)";
				SWIFT_EMIT_LOC_STRINGS = YES;
				SWIFT_VERSION = 5.0;
				TARGETED_DEVICE_FAMILY = 3;
			};
			name = Release;
		};
/* End XCBuildConfiguration section */

/* Begin XCConfigurationList section */
		CD56246429221FEE00343584 /* Build configuration list for PBXProject "ArtProjector" */ = {
			isa = XCConfigurationList;
			buildConfigurations = (
				CD56248B29221FF000343584 /* Debug */,
				CD56248C29221FF000343584 /* Release */,
			);
			defaultConfigurationIsVisible = 0;
			defaultConfigurationName = Release;
		};
		CD56248D29221FF000343584 /* Build configuration list for PBXNativeTarget "ArtProjector" */ = {
			isa = XCConfigurationList;
			buildConfigurations = (
				CD56248E29221FF000343584 /* Debug */,
				CD56248F29221FF000343584 /* Release */,
			);
			defaultConfigurationIsVisible = 0;
			defaultConfigurationName = Release;
		};
		CD56249029221FF000343584 /* Build configuration list for PBXNativeTarget "ArtProjectorTests" */ = {
			isa = XCConfigurationList;
			buildConfigurations = (
				CD56249129221FF000343584 /* Debug */,
				CD56249229221FF000343584 /* Release */,
			);
			defaultConfigurationIsVisible = 0;
			defaultConfigurationName = Release;
		};
		CD56249329221FF000343584 /* Build configuration list for PBXNativeTarget "ArtProjectorUITests" */ = {
			isa = XCConfigurationList;
			buildConfigurations = (
				CD56249429221FF000343584 /* Debug */,
				CD56249529221FF000343584 /* Release */,
			);
			defaultConfigurationIsVisible = 0;
			defaultConfigurationName = Release;
		};
		CD82C7232973B7DD0068B2F6 /* Build configuration list for PBXNativeTarget "ArtProjector-Prod" */ = {
			isa = XCConfigurationList;
			buildConfigurations = (
				CD82C7242973B7DD0068B2F6 /* Debug */,
				CD82C7252973B7DD0068B2F6 /* Release */,
			);
			defaultConfigurationIsVisible = 0;
			defaultConfigurationName = Release;
		};
/* End XCConfigurationList section */

/* Begin XCRemoteSwiftPackageReference section */
		CD809493295553CF003CB965 /* XCRemoteSwiftPackageReference "SimpleKeychain" */ = {
			isa = XCRemoteSwiftPackageReference;
			repositoryURL = "https://github.com/auth0/SimpleKeychain";
			requirement = {
				kind = upToNextMajorVersion;
				minimumVersion = 1.0.0;
			};
		};
		CD80949829557410003CB965 /* XCRemoteSwiftPackageReference "Alamofire" */ = {
			isa = XCRemoteSwiftPackageReference;
			repositoryURL = "https://github.com/Alamofire/Alamofire.git";
			requirement = {
				kind = upToNextMajorVersion;
				minimumVersion = 5.6.1;
			};
		};
		CD82C7062973B7DD0068B2F6 /* XCRemoteSwiftPackageReference "SimpleKeychain" */ = {
			isa = XCRemoteSwiftPackageReference;
			repositoryURL = "https://github.com/auth0/SimpleKeychain";
			requirement = {
				kind = upToNextMajorVersion;
				minimumVersion = 1.0.0;
			};
		};
		CD82C7082973B7DD0068B2F6 /* XCRemoteSwiftPackageReference "Alamofire" */ = {
			isa = XCRemoteSwiftPackageReference;
			repositoryURL = "https://github.com/Alamofire/Alamofire.git";
			requirement = {
				kind = upToNextMajorVersion;
				minimumVersion = 5.6.1;
			};
		};
/* End XCRemoteSwiftPackageReference section */

/* Begin XCSwiftPackageProductDependency section */
		CD809494295553CF003CB965 /* SimpleKeychain */ = {
			isa = XCSwiftPackageProductDependency;
			package = CD809493295553CF003CB965 /* XCRemoteSwiftPackageReference "SimpleKeychain" */;
			productName = SimpleKeychain;
		};
		CD80949929557410003CB965 /* Alamofire */ = {
			isa = XCSwiftPackageProductDependency;
			package = CD80949829557410003CB965 /* XCRemoteSwiftPackageReference "Alamofire" */;
			productName = Alamofire;
		};
		CD82C7052973B7DD0068B2F6 /* SimpleKeychain */ = {
			isa = XCSwiftPackageProductDependency;
			package = CD82C7062973B7DD0068B2F6 /* XCRemoteSwiftPackageReference "SimpleKeychain" */;
			productName = SimpleKeychain;
		};
		CD82C7072973B7DD0068B2F6 /* Alamofire */ = {
			isa = XCSwiftPackageProductDependency;
			package = CD82C7082973B7DD0068B2F6 /* XCRemoteSwiftPackageReference "Alamofire" */;
			productName = Alamofire;
		};
/* End XCSwiftPackageProductDependency section */
	};
	rootObject = CD56246129221FEE00343584 /* Project object */;
}
